// !$*UTF8*$!
{
	archiveVersion = 1;
	classes = {
	};
	objectVersion = 48;
	objects = {

/* Begin PBXBuildFile section */
		C293EEA221528612007EBB7B /* Assets.xcassets in Resources */ = {isa = PBXBuildFile; fileRef = C293EEA121528612007EBB7B /* Assets.xcassets */; };
		C293EEBC2152872B007EBB7B /* GlobalValue.swift in Sources */ = {isa = PBXBuildFile; fileRef = C293EEAC2152872B007EBB7B /* GlobalValue.swift */; };
		C293EEBD2152872B007EBB7B /* HomeVC.swift in Sources */ = {isa = PBXBuildFile; fileRef = C293EEB12152872B007EBB7B /* HomeVC.swift */; };
		C293EEBE2152872B007EBB7B /* BaseUINavigationController.swift in Sources */ = {isa = PBXBuildFile; fileRef = C293EEB62152872B007EBB7B /* BaseUINavigationController.swift */; };
		C293EEBF2152872B007EBB7B /* BaseUIViewController.swift in Sources */ = {isa = PBXBuildFile; fileRef = C293EEB72152872B007EBB7B /* BaseUIViewController.swift */; };
		C293EEC02152872B007EBB7B /* MyUITabBarController.swift in Sources */ = {isa = PBXBuildFile; fileRef = C293EEB82152872B007EBB7B /* MyUITabBarController.swift */; };
		C293EEC32152875A007EBB7B /* AppDelegate.swift in Sources */ = {isa = PBXBuildFile; fileRef = C293EEC22152875A007EBB7B /* AppDelegate.swift */; };
/* End PBXBuildFile section */

/* Begin PBXFileReference section */
		C293EE9721528612007EBB7B /* TDFXmlyFM.app */ = {isa = PBXFileReference; explicitFileType = wrapper.application; includeInIndex = 0; path = TDFXmlyFM.app; sourceTree = BUILT_PRODUCTS_DIR; };
		C293EEA121528612007EBB7B /* Assets.xcassets */ = {isa = PBXFileReference; lastKnownFileType = folder.assetcatalog; path = Assets.xcassets; sourceTree = "<group>"; };
		C293EEA621528612007EBB7B /* Info.plist */ = {isa = PBXFileReference; lastKnownFileType = text.plist.xml; path = Info.plist; sourceTree = "<group>"; };
		C293EEAC2152872B007EBB7B /* GlobalValue.swift */ = {isa = PBXFileReference; fileEncoding = 4; lastKnownFileType = sourcecode.swift; path = GlobalValue.swift; sourceTree = "<group>"; };
		C293EEB12152872B007EBB7B /* HomeVC.swift */ = {isa = PBXFileReference; fileEncoding = 4; lastKnownFileType = sourcecode.swift; path = HomeVC.swift; sourceTree = "<group>"; };
		C293EEB62152872B007EBB7B /* BaseUINavigationController.swift */ = {isa = PBXFileReference; fileEncoding = 4; lastKnownFileType = sourcecode.swift; path = BaseUINavigationController.swift; sourceTree = "<group>"; };
		C293EEB72152872B007EBB7B /* BaseUIViewController.swift */ = {isa = PBXFileReference; fileEncoding = 4; lastKnownFileType = sourcecode.swift; path = BaseUIViewController.swift; sourceTree = "<group>"; };
		C293EEB82152872B007EBB7B /* MyUITabBarController.swift */ = {isa = PBXFileReference; fileEncoding = 4; lastKnownFileType = sourcecode.swift; path = MyUITabBarController.swift; sourceTree = "<group>"; };
		C293EEC22152875A007EBB7B /* AppDelegate.swift */ = {isa = PBXFileReference; fileEncoding = 4; lastKnownFileType = sourcecode.swift; path = AppDelegate.swift; sourceTree = "<group>"; };
/* End PBXFileReference section */

/* Begin PBXFrameworksBuildPhase section */
		C293EE9421528612007EBB7B /* Frameworks */ = {
			isa = PBXFrameworksBuildPhase;
			buildActionMask = 2147483647;
			files = (
			);
			runOnlyForDeploymentPostprocessing = 0;
		};
/* End PBXFrameworksBuildPhase section */

/* Begin PBXGroup section */
		C293EE8E21528612007EBB7B = {
			isa = PBXGroup;
			children = (
				C293EE9921528612007EBB7B /* TDFXmlyFM */,
				C293EE9821528612007EBB7B /* Products */,
			);
			sourceTree = "<group>";
		};
		C293EE9821528612007EBB7B /* Products */ = {
			isa = PBXGroup;
			children = (
				C293EE9721528612007EBB7B /* TDFXmlyFM.app */,
			);
			name = Products;
			sourceTree = "<group>";
		};
		C293EE9921528612007EBB7B /* TDFXmlyFM */ = {
			isa = PBXGroup;
			children = (
				C293EEC12152875A007EBB7B /* Other */,
				C293EEAE2152872B007EBB7B /* Classes */,
				C293EEBB2152872B007EBB7B /* Expand */,
				C293EEAD2152872B007EBB7B /* Vender */,
				C293EEA121528612007EBB7B /* Assets.xcassets */,
				C293EEA621528612007EBB7B /* Info.plist */,
				C293EEAC2152872B007EBB7B /* GlobalValue.swift */,
			);
			path = TDFXmlyFM;
			sourceTree = "<group>";
		};
		C293EEAD2152872B007EBB7B /* Vender */ = {
			isa = PBXGroup;
			children = (
			);
			path = Vender;
			sourceTree = "<group>";
		};
		C293EEAE2152872B007EBB7B /* Classes */ = {
			isa = PBXGroup;
			children = (
				C293EEAF2152872B007EBB7B /* Home */,
				C293EEB42152872B007EBB7B /* Main */,
			);
			path = Classes;
			sourceTree = "<group>";
		};
		C293EEAF2152872B007EBB7B /* Home */ = {
			isa = PBXGroup;
			children = (
				C293EEB02152872B007EBB7B /* Controller */,
				C293EEB22152872B007EBB7B /* Model */,
				C293EEB32152872B007EBB7B /* View */,
			);
			path = Home;
			sourceTree = "<group>";
		};
		C293EEB02152872B007EBB7B /* Controller */ = {
			isa = PBXGroup;
			children = (
				C293EEB12152872B007EBB7B /* HomeVC.swift */,
			);
			path = Controller;
			sourceTree = "<group>";
		};
		C293EEB22152872B007EBB7B /* Model */ = {
			isa = PBXGroup;
			children = (
			);
			path = Model;
			sourceTree = "<group>";
		};
		C293EEB32152872B007EBB7B /* View */ = {
			isa = PBXGroup;
			children = (
			);
			path = View;
			sourceTree = "<group>";
		};
		C293EEB42152872B007EBB7B /* Main */ = {
			isa = PBXGroup;
			children = (
				C293EEB52152872B007EBB7B /* Controller */,
				C293EEB92152872B007EBB7B /* Model */,
				C293EEBA2152872B007EBB7B /* View */,
			);
			path = Main;
			sourceTree = "<group>";
		};
		C293EEB52152872B007EBB7B /* Controller */ = {
			isa = PBXGroup;
			children = (
				C293EEB62152872B007EBB7B /* BaseUINavigationController.swift */,
				C293EEB72152872B007EBB7B /* BaseUIViewController.swift */,
				C293EEB82152872B007EBB7B /* MyUITabBarController.swift */,
			);
			path = Controller;
			sourceTree = "<group>";
		};
		C293EEB92152872B007EBB7B /* Model */ = {
			isa = PBXGroup;
			children = (
			);
			path = Model;
			sourceTree = "<group>";
		};
		C293EEBA2152872B007EBB7B /* View */ = {
			isa = PBXGroup;
			children = (
			);
			path = View;
			sourceTree = "<group>";
		};
		C293EEBB2152872B007EBB7B /* Expand */ = {
			isa = PBXGroup;
			children = (
			);
			path = Expand;
			sourceTree = "<group>";
		};
		C293EEC12152875A007EBB7B /* Other */ = {
			isa = PBXGroup;
			children = (
				C293EEC22152875A007EBB7B /* AppDelegate.swift */,
			);
			path = Other;
			sourceTree = "<group>";
		};
/* End PBXGroup section */

/* Begin PBXNativeTarget section */
		C293EE9621528612007EBB7B /* TDFXmlyFM */ = {
			isa = PBXNativeTarget;
			buildConfigurationList = C293EEA921528612007EBB7B /* Build configuration list for PBXNativeTarget "TDFXmlyFM" */;
			buildPhases = (
				C293EE9321528612007EBB7B /* Sources */,
				C293EE9421528612007EBB7B /* Frameworks */,
				C293EE9521528612007EBB7B /* Resources */,
			);
			buildRules = (
			);
			dependencies = (
			);
			name = TDFXmlyFM;
			productName = TDFXmlyFM;
			productReference = C293EE9721528612007EBB7B /* TDFXmlyFM.app */;
			productType = "com.apple.product-type.application";
		};
/* End PBXNativeTarget section */

/* Begin PBXProject section */
		C293EE8F21528612007EBB7B /* Project object */ = {
			isa = PBXProject;
			attributes = {
				LastSwiftUpdateCheck = 0900;
				LastUpgradeCheck = 0900;
				ORGANIZATIONNAME = tangdanfeng;
				TargetAttributes = {
					C293EE9621528612007EBB7B = {
						CreatedOnToolsVersion = 9.0;
						ProvisioningStyle = Automatic;
					};
				};
			};
			buildConfigurationList = C293EE9221528612007EBB7B /* Build configuration list for PBXProject "TDFXmlyFM" */;
			compatibilityVersion = "Xcode 8.0";
			developmentRegion = en;
			hasScannedForEncodings = 0;
			knownRegions = (
				en,
				Base,
			);
			mainGroup = C293EE8E21528612007EBB7B;
			productRefGroup = C293EE9821528612007EBB7B /* Products */;
			projectDirPath = "";
			projectRoot = "";
			targets = (
				C293EE9621528612007EBB7B /* TDFXmlyFM */,
			);
		};
/* End PBXProject section */

/* Begin PBXResourcesBuildPhase section */
		C293EE9521528612007EBB7B /* Resources */ = {
			isa = PBXResourcesBuildPhase;
			buildActionMask = 2147483647;
			files = (
				C293EEA221528612007EBB7B /* Assets.xcassets in Resources */,
			);
			runOnlyForDeploymentPostprocessing = 0;
		};
/* End PBXResourcesBuildPhase section */

/* Begin PBXSourcesBuildPhase section */
		C293EE9321528612007EBB7B /* Sources */ = {
			isa = PBXSourcesBuildPhase;
			buildActionMask = 2147483647;
			files = (
				C293EEC32152875A007EBB7B /* AppDelegate.swift in Sources */,
				C293EEBF2152872B007EBB7B /* BaseUIViewController.swift in Sources */,
				C293EEC02152872B007EBB7B /* MyUITabBarController.swift in Sources */,
				C293EEBE2152872B007EBB7B /* BaseUINavigationController.swift in Sources */,
				C293EEBD2152872B007EBB7B /* HomeVC.swift in Sources */,
				C293EEBC2152872B007EBB7B /* GlobalValue.swift in Sources */,
			);
			runOnlyForDeploymentPostprocessing = 0;
		};
/* End PBXSourcesBuildPhase section */

/* Begin XCBuildConfiguration section */
		C293EEA721528612007EBB7B /* Debug */ = {
			isa = XCBuildConfiguration;
			buildSettings = {
				ALWAYS_SEARCH_USER_PATHS = NO;
				CLANG_ANALYZER_NONNULL = YES;
				CLANG_ANALYZER_NUMBER_OBJECT_CONVERSION = YES_AGGRESSIVE;
				CLANG_CXX_LANGUAGE_STANDARD = "gnu++14";
				CLANG_CXX_LIBRARY = "libc++";
				CLANG_ENABLE_MODULES = YES;
				CLANG_ENABLE_OBJC_ARC = YES;
				CLANG_WARN_BLOCK_CAPTURE_AUTORELEASING = YES;
				CLANG_WARN_BOOL_CONVERSION = YES;
				CLANG_WARN_COMMA = YES;
				CLANG_WARN_CONSTANT_CONVERSION = YES;
				CLANG_WARN_DIRECT_OBJC_ISA_USAGE = YES_ERROR;
				CLANG_WARN_DOCUMENTATION_COMMENTS = YES;
				CLANG_WARN_EMPTY_BODY = YES;
				CLANG_WARN_ENUM_CONVERSION = YES;
				CLANG_WARN_INFINITE_RECURSION = YES;
				CLANG_WARN_INT_CONVERSION = YES;
				CLANG_WARN_NON_LITERAL_NULL_CONVERSION = YES;
				CLANG_WARN_OBJC_LITERAL_CONVERSION = YES;
				CLANG_WARN_OBJC_ROOT_CLASS = YES_ERROR;
				CLANG_WARN_RANGE_LOOP_ANALYSIS = YES;
				CLANG_WARN_STRICT_PROTOTYPES = YES;
				CLANG_WARN_SUSPICIOUS_MOVE = YES;
				CLANG_WARN_UNGUARDED_AVAILABILITY = YES_AGGRESSIVE;
				CLANG_WARN_UNREACHABLE_CODE = YES;
				CLANG_WARN__DUPLICATE_METHOD_MATCH = YES;
				CODE_SIGN_IDENTITY = "iPhone Developer";
				COPY_PHASE_STRIP = NO;
				DEBUG_INFORMATION_FORMAT = dwarf;
				ENABLE_STRICT_OBJC_MSGSEND = YES;
				ENABLE_TESTABILITY = YES;
				GCC_C_LANGUAGE_STANDARD = gnu11;
				GCC_DYNAMIC_NO_PIC = NO;
				GCC_NO_COMMON_BLOCKS = YES;
				GCC_OPTIMIZATION_LEVEL = 0;
				GCC_PREPROCESSOR_DEFINITIONS = (
					"DEBUG=1",
					"$(inherited)",
				);
				GCC_WARN_64_TO_32_BIT_CONVERSION = YES;
				GCC_WARN_ABOUT_RETURN_TYPE = YES_ERROR;
				GCC_WARN_UNDECLARED_SELECTOR = YES;
				GCC_WARN_UNINITIALIZED_AUTOS = YES_AGGRESSIVE;
				GCC_WARN_UNUSED_FUNCTION = YES;
				GCC_WARN_UNUSED_VARIABLE = YES;
				IPHONEOS_DEPLOYMENT_TARGET = 11.0;
				MTL_ENABLE_DEBUG_INFO = YES;
				ONLY_ACTIVE_ARCH = YES;
				SDKROOT = iphoneos;
				SWIFT_ACTIVE_COMPILATION_CONDITIONS = DEBUG;
				SWIFT_OPTIMIZATION_LEVEL = "-Onone";
			};
			name = Debug;
		};
		C293EEA821528612007EBB7B /* Release */ = {
			isa = XCBuildConfiguration;
			buildSettings = {
				ALWAYS_SEARCH_USER_PATHS = NO;
				CLANG_ANALYZER_NONNULL = YES;
				CLANG_ANALYZER_NUMBER_OBJECT_CONVERSION = YES_AGGRESSIVE;
				CLANG_CXX_LANGUAGE_STANDARD = "gnu++14";
				CLANG_CXX_LIBRARY = "libc++";
				CLANG_ENABLE_MODULES = YES;
				CLANG_ENABLE_OBJC_ARC = YES;
				CLANG_WARN_BLOCK_CAPTURE_AUTORELEASING = YES;
				CLANG_WARN_BOOL_CONVERSION = YES;
				CLANG_WARN_COMMA = YES;
				CLANG_WARN_CONSTANT_CONVERSION = YES;
				CLANG_WARN_DIRECT_OBJC_ISA_USAGE = YES_ERROR;
				CLANG_WARN_DOCUMENTATION_COMMENTS = YES;
				CLANG_WARN_EMPTY_BODY = YES;
				CLANG_WARN_ENUM_CONVERSION = YES;
				CLANG_WARN_INFINITE_RECURSION = YES;
				CLANG_WARN_INT_CONVERSION = YES;
				CLANG_WARN_NON_LITERAL_NULL_CONVERSION = YES;
				CLANG_WARN_OBJC_LITERAL_CONVERSION = YES;
				CLANG_WARN_OBJC_ROOT_CLASS = YES_ERROR;
				CLANG_WARN_RANGE_LOOP_ANALYSIS = YES;
				CLANG_WARN_STRICT_PROTOTYPES = YES;
				CLANG_WARN_SUSPICIOUS_MOVE = YES;
				CLANG_WARN_UNGUARDED_AVAILABILITY = YES_AGGRESSIVE;
				CLANG_WARN_UNREACHABLE_CODE = YES;
				CLANG_WARN__DUPLICATE_METHOD_MATCH = YES;
				CODE_SIGN_IDENTITY = "iPhone Developer";
				COPY_PHASE_STRIP = NO;
				DEBUG_INFORMATION_FORMAT = "dwarf-with-dsym";
				ENABLE_NS_ASSERTIONS = NO;
				ENABLE_STRICT_OBJC_MSGSEND = YES;
				GCC_C_LANGUAGE_STANDARD = gnu11;
				GCC_NO_COMMON_BLOCKS = YES;
				GCC_WARN_64_TO_32_BIT_CONVERSION = YES;
				GCC_WARN_ABOUT_RETURN_TYPE = YES_ERROR;
				GCC_WARN_UNDECLARED_SELECTOR = YES;
				GCC_WARN_UNINITIALIZED_AUTOS = YES_AGGRESSIVE;
				GCC_WARN_UNUSED_FUNCTION = YES;
				GCC_WARN_UNUSED_VARIABLE = YES;
				IPHONEOS_DEPLOYMENT_TARGET = 11.0;
				MTL_ENABLE_DEBUG_INFO = NO;
				SDKROOT = iphoneos;
				SWIFT_OPTIMIZATION_LEVEL = "-Owholemodule";
				VALIDATE_PRODUCT = YES;
			};
			name = Release;
		};
		C293EEAA21528612007EBB7B /* Debug */ = {
			isa = XCBuildConfiguration;
			buildSettings = {
				ASSETCATALOG_COMPILER_APPICON_NAME = AppIcon;
				CODE_SIGN_STYLE = Automatic;
				DEVELOPMENT_TEAM = A3M8M85CB4;
				INFOPLIST_FILE = TDFXmlyFM/Info.plist;
				IPHONEOS_DEPLOYMENT_TARGET = 8.0;
				LD_RUNPATH_SEARCH_PATHS = "$(inherited) @executable_path/Frameworks";
				PRODUCT_BUNDLE_IDENTIFIER = com.honglu.TDFXmlyFM;
				PRODUCT_NAME = "$(TARGET_NAME)";
				SWIFT_VERSION = 4.0;
				TARGETED_DEVICE_FAMILY = "1,2";
			};
			name = Debug;
		};
		C293EEAB21528612007EBB7B /* Release */ = {
			isa = XCBuildConfiguration;
			buildSettings = {
				ASSETCATALOG_COMPILER_APPICON_NAME = AppIcon;
				CODE_SIGN_STYLE = Automatic;
				DEVELOPMENT_TEAM = A3M8M85CB4;
				INFOPLIST_FILE = TDFXmlyFM/Info.plist;
				IPHONEOS_DEPLOYMENT_TARGET = 8.0;
				LD_RUNPATH_SEARCH_PATHS = "$(inherited) @executable_path/Frameworks";
				PRODUCT_BUNDLE_IDENTIFIER = com.honglu.TDFXmlyFM;
				PRODUCT_NAME = "$(TARGET_NAME)";
				SWIFT_VERSION = 4.0;
				TARGETED_DEVICE_FAMILY = "1,2";
			};
			name = Release;
		};
/* End XCBuildConfiguration section */

/* Begin XCConfigurationList section */
		C293EE9221528612007EBB7B /* Build configuration list for PBXProject "TDFXmlyFM" */ = {
			isa = XCConfigurationList;
			buildConfigurations = (
				C293EEA721528612007EBB7B /* Debug */,
				C293EEA821528612007EBB7B /* Release */,
			);
			defaultConfigurationIsVisible = 0;
			defaultConfigurationName = Release;
		};
		C293EEA921528612007EBB7B /* Build configuration list for PBXNativeTarget "TDFXmlyFM" */ = {
			isa = XCConfigurationList;
			buildConfigurations = (
				C293EEAA21528612007EBB7B /* Debug */,
				C293EEAB21528612007EBB7B /* Release */,
			);
			defaultConfigurationIsVisible = 0;
			defaultConfigurationName = Release;
		};
/* End XCConfigurationList section */
	};
	rootObject = C293EE8F21528612007EBB7B /* Project object */;
}
